
Microsoft Visual Studio Solution File, Format Version 12.00
# Visual Studio Version 17
VisualStudioVersion = 17.2.32526.322
MinimumVisualStudioVersion = 10.0.40219.1
Project("{FAE04EC0-301F-11D3-BF4B-00C04F79EFBC}") = "BananaModManager.Loader.Mono", "BananaModManager.Loader.Mono\BananaModManager.Loader.Mono.csproj", "{6F89DD11-195B-4638-9553-36196B584397}"
EndProject
Project("{FAE04EC0-301F-11D3-BF4B-00C04F79EFBC}") = "BananaModManager.Shared", "BananaModManager.Shared\BananaModManager.Shared.csproj", "{EB2B9278-9A27-470B-88C8-20432ABAF4F4}"
EndProject
Project("{FAE04EC0-301F-11D3-BF4B-00C04F79EFBC}") = "BananaModManager", "BananaModManager\BananaModManager.csproj", "{A590571C-6341-4DA0-8D8A-3952081CF181}"
EndProject
Project("{FAE04EC0-301F-11D3-BF4B-00C04F79EFBC}") = "BananaModManager.Controls", "BananaModManager.Controls\BananaModManager.Controls.csproj", "{68EE0743-A6E1-4569-9472-CEA3DF37DA5A}"
EndProject
Project("{FAE04EC0-301F-11D3-BF4B-00C04F79EFBC}") = "BananaModManager.Loader.IL2Cpp", "BananaModManager.Loader.IL2Cpp\BananaModManager.Loader.IL2Cpp.csproj", "{7CAE01B5-E442-4780-9215-1AA859126FA3}"
EndProject
Project("{8BC9CEB8-8B4A-11D0-8D11-00A0C91BC942}") = "BananaModManager.Detours", "BananaModManager.Detours\BananaModManager.Detours.vcxproj", "{A4906490-6875-482E-922C-3C7CC61A14B5}"
EndProject
Global
	GlobalSection(SolutionConfigurationPlatforms) = preSolution
		Debug|Any CPU = Debug|Any CPU
		Debug|x64 = Debug|x64
		Debug|x86 = Debug|x86
		Release|Any CPU = Release|Any CPU
		Release|x64 = Release|x64
		Release|x86 = Release|x86
	EndGlobalSection
	GlobalSection(ProjectConfigurationPlatforms) = postSolution
		{6F89DD11-195B-4638-9553-36196B584397}.Debug|Any CPU.ActiveCfg = Debug|Any CPU
		{6F89DD11-195B-4638-9553-36196B584397}.Debug|Any CPU.Build.0 = Debug|Any CPU
		{6F89DD11-195B-4638-9553-36196B584397}.Debug|x64.ActiveCfg = Debug|Any CPU
		{6F89DD11-195B-4638-9553-36196B584397}.Debug|x64.Build.0 = Debug|Any CPU
		{6F89DD11-195B-4638-9553-36196B584397}.Debug|x86.ActiveCfg = Debug|Any CPU
		{6F89DD11-195B-4638-9553-36196B584397}.Debug|x86.Build.0 = Debug|Any CPU
		{6F89DD11-195B-4638-9553-36196B584397}.Release|Any CPU.ActiveCfg = Release|Any CPU
		{6F89DD11-195B-4638-9553-36196B584397}.Release|Any CPU.Build.0 = Release|Any CPU
		{6F89DD11-195B-4638-9553-36196B584397}.Release|x64.ActiveCfg = Release|Any CPU
		{6F89DD11-195B-4638-9553-36196B584397}.Release|x64.Build.0 = Release|Any CPU
		{6F89DD11-195B-4638-9553-36196B584397}.Release|x86.ActiveCfg = Release|Any CPU
		{6F89DD11-195B-4638-9553-36196B584397}.Release|x86.Build.0 = Release|Any CPU
		{EB2B9278-9A27-470B-88C8-20432ABAF4F4}.Debug|Any CPU.ActiveCfg = Debug|Any CPU
		{EB2B9278-9A27-470B-88C8-20432ABAF4F4}.Debug|Any CPU.Build.0 = Debug|Any CPU
		{EB2B9278-9A27-470B-88C8-20432ABAF4F4}.Debug|x64.ActiveCfg = Debug|Any CPU
		{EB2B9278-9A27-470B-88C8-20432ABAF4F4}.Debug|x64.Build.0 = Debug|Any CPU
		{EB2B9278-9A27-470B-88C8-20432ABAF4F4}.Debug|x86.ActiveCfg = Debug|Any CPU
		{EB2B9278-9A27-470B-88C8-20432ABAF4F4}.Debug|x86.Build.0 = Debug|Any CPU
		{EB2B9278-9A27-470B-88C8-20432ABAF4F4}.Release|Any CPU.ActiveCfg = Release|Any CPU
		{EB2B9278-9A27-470B-88C8-20432ABAF4F4}.Release|Any CPU.Build.0 = Release|Any CPU
		{EB2B9278-9A27-470B-88C8-20432ABAF4F4}.Release|x64.ActiveCfg = Release|Any CPU
		{EB2B9278-9A27-470B-88C8-20432ABAF4F4}.Release|x64.Build.0 = Release|Any CPU
		{EB2B9278-9A27-470B-88C8-20432ABAF4F4}.Release|x86.ActiveCfg = Release|Any CPU
		{EB2B9278-9A27-470B-88C8-20432ABAF4F4}.Release|x86.Build.0 = Release|Any CPU
		{A590571C-6341-4DA0-8D8A-3952081CF181}.Debug|Any CPU.ActiveCfg = Debug|Any CPU
		{A590571C-6341-4DA0-8D8A-3952081CF181}.Debug|Any CPU.Build.0 = Debug|Any CPU
		{A590571C-6341-4DA0-8D8A-3952081CF181}.Debug|x64.ActiveCfg = Debug|Any CPU
		{A590571C-6341-4DA0-8D8A-3952081CF181}.Debug|x64.Build.0 = Debug|Any CPU
		{A590571C-6341-4DA0-8D8A-3952081CF181}.Debug|x86.ActiveCfg = Debug|Any CPU
		{A590571C-6341-4DA0-8D8A-3952081CF181}.Debug|x86.Build.0 = Debug|Any CPU
		{A590571C-6341-4DA0-8D8A-3952081CF181}.Release|Any CPU.ActiveCfg = Release|Any CPU
		{A590571C-6341-4DA0-8D8A-3952081CF181}.Release|Any CPU.Build.0 = Release|Any CPU
		{A590571C-6341-4DA0-8D8A-3952081CF181}.Release|x64.ActiveCfg = Release|Any CPU
		{A590571C-6341-4DA0-8D8A-3952081CF181}.Release|x64.Build.0 = Release|Any CPU
		{A590571C-6341-4DA0-8D8A-3952081CF181}.Release|x86.ActiveCfg = Release|Any CPU
		{A590571C-6341-4DA0-8D8A-3952081CF181}.Release|x86.Build.0 = Release|Any CPU
		{68EE0743-A6E1-4569-9472-CEA3DF37DA5A}.Debug|Any CPU.ActiveCfg = Debug|Any CPU
		{68EE0743-A6E1-4569-9472-CEA3DF37DA5A}.Debug|Any CPU.Build.0 = Debug|Any CPU
		{68EE0743-A6E1-4569-9472-CEA3DF37DA5A}.Debug|x64.ActiveCfg = Debug|Any CPU
		{68EE0743-A6E1-4569-9472-CEA3DF37DA5A}.Debug|x64.Build.0 = Debug|Any CPU
		{68EE0743-A6E1-4569-9472-CEA3DF37DA5A}.Debug|x86.ActiveCfg = Debug|Any CPU
		{68EE0743-A6E1-4569-9472-CEA3DF37DA5A}.Debug|x86.Build.0 = Debug|Any CPU
		{68EE0743-A6E1-4569-9472-CEA3DF37DA5A}.Release|Any CPU.ActiveCfg = Release|Any CPU
		{68EE0743-A6E1-4569-9472-CEA3DF37DA5A}.Release|Any CPU.Build.0 = Release|Any CPU
		{68EE0743-A6E1-4569-9472-CEA3DF37DA5A}.Release|x64.ActiveCfg = Release|Any CPU
		{68EE0743-A6E1-4569-9472-CEA3DF37DA5A}.Release|x64.Build.0 = Release|Any CPU
		{68EE0743-A6E1-4569-9472-CEA3DF37DA5A}.Release|x86.ActiveCfg = Release|Any CPU
		{68EE0743-A6E1-4569-9472-CEA3DF37DA5A}.Release|x86.Build.0 = Release|Any CPU
		{7CAE01B5-E442-4780-9215-1AA859126FA3}.Debug|Any CPU.ActiveCfg = Debug|Any CPU
		{7CAE01B5-E442-4780-9215-1AA859126FA3}.Debug|Any CPU.Build.0 = Debug|Any CPU
		{7CAE01B5-E442-4780-9215-1AA859126FA3}.Debug|x64.ActiveCfg = Debug|Any CPU
		{7CAE01B5-E442-4780-9215-1AA859126FA3}.Debug|x64.Build.0 = Debug|Any CPU
		{7CAE01B5-E442-4780-9215-1AA859126FA3}.Debug|x86.ActiveCfg = Debug|Any CPU
		{7CAE01B5-E442-4780-9215-1AA859126FA3}.Debug|x86.Build.0 = Debug|Any CPU
		{7CAE01B5-E442-4780-9215-1AA859126FA3}.Release|Any CPU.ActiveCfg = Release|Any CPU
		{7CAE01B5-E442-4780-9215-1AA859126FA3}.Release|Any CPU.Build.0 = Release|Any CPU
		{7CAE01B5-E442-4780-9215-1AA859126FA3}.Release|x64.ActiveCfg = Release|Any CPU
		{7CAE01B5-E442-4780-9215-1AA859126FA3}.Release|x64.Build.0 = Release|Any CPU
		{7CAE01B5-E442-4780-9215-1AA859126FA3}.Release|x86.ActiveCfg = Release|Any CPU
		{7CAE01B5-E442-4780-9215-1AA859126FA3}.Release|x86.Build.0 = Release|Any CPU
		{A4906490-6875-482E-922C-3C7CC61A14B5}.Debug|Any CPU.ActiveCfg = Debug|Win32
		{A4906490-6875-482E-922C-3C7CC61A14B5}.Debug|x64.ActiveCfg = Debug|x64
		{A4906490-6875-482E-922C-3C7CC61A14B5}.Debug|x64.Build.0 = Debug|x64
		{A4906490-6875-482E-922C-3C7CC61A14B5}.Debug|x86.ActiveCfg = Debug|Win32
		{A4906490-6875-482E-922C-3C7CC61A14B5}.Debug|x86.Build.0 = Debug|Win32
		{A4906490-6875-482E-922C-3C7CC61A14B5}.Release|Any CPU.ActiveCfg = Release|Win32
		{A4906490-6875-482E-922C-3C7CC61A14B5}.Release|x64.ActiveCfg = Release|x64
		{A4906490-6875-482E-922C-3C7CC61A14B5}.Release|x64.Build.0 = Release|x64
		{A4906490-6875-482E-922C-3C7CC61A14B5}.Release|x86.ActiveCfg = Release|Win32
		{A4906490-6875-482E-922C-3C7CC61A14B5}.Release|x86.Build.0 = Release|Win32
	EndGlobalSection
	GlobalSection(SolutionProperties) = preSolution
		HideSolutionNode = FALSE
	EndGlobalSection
	GlobalSection(ExtensibilityGlobals) = postSolution
		SolutionGuid = {3CF16CC2-CE2B-4D7B-94D8-F72ECD88C74A}
	EndGlobalSection
EndGlobal
